<?xml version="1.0" encoding="utf-8"?>
<Project ToolsVersion="4.0" xmlns="http://schemas.microsoft.com/developer/msbuild/2003">
  <ItemGroup>
    <Filter Include="源文件">
      <UniqueIdentifier>{4FC737F1-C7A5-4376-A066-2A32D752A2FF}</UniqueIdentifier>
      <Extensions>cpp;c;cc;cxx;c++;cppm;ixx;def;odl;idl;hpj;bat;asm;asmx</Extensions>
    </Filter>
    <Filter Include="头文件">
      <UniqueIdentifier>{93995380-89BD-4b04-88EB-625FBE52EBFB}</UniqueIdentifier>
      <Extensions>h;hh;hpp;hxx;h++;hm;inl;inc;ipp;xsd</Extensions>
    </Filter>
    <Filter Include="资源文件">
      <UniqueIdentifier>{67DA6AB6-F800-4c08-8B7A-83BB121AAD01}</UniqueIdentifier>
      <Extensions>rc;ico;cur;bmp;dlg;rc2;rct;bin;rgs;gif;jpg;jpeg;jpe;resx;tiff;tif;png;wav;mfcribbon-ms</Extensions>
    </Filter>
  </ItemGroup>
  <ItemGroup>
    <ClCompile Include="Boundary_condition.cpp">
      <Filter>源文件</Filter>
    </ClCompile>
    <ClCompile Include="Calculate_P.cpp">
      <Filter>源文件</Filter>
    </ClCompile>
    <ClCompile Include="Convective.cpp">
      <Filter>源文件</Filter>
    </ClCompile>
    <ClCompile Include="Diffusive.cpp">
      <Filter>源文件</Filter>
    </ClCompile>
    <ClCompile Include="Dissipative.cpp">
      <Filter>源文件</Filter>
    </ClCompile>
    <ClCompile Include="Geometry.cpp">
      <Filter>源文件</Filter>
    </ClCompile>
    <ClCompile Include="Ghost_cells.cpp">
      <Filter>源文件</Filter>
    </ClCompile>
    <ClCompile Include="Initialization.cpp">
      <Filter>源文件</Filter>
    </ClCompile>
    <ClCompile Include="Main.cpp">
      <Filter>源文件</Filter>
    </ClCompile>
    <ClCompile Include="Min_time_step.cpp">
      <Filter>源文件</Filter>
    </ClCompile>
    <ClCompile Include="Primitive.cpp">
      <Filter>源文件</Filter>
    </ClCompile>
    <ClCompile Include="Putout.cpp">
      <Filter>源文件</Filter>
    </ClCompile>
    <ClCompile Include="Read_mesh.cpp">
      <Filter>源文件</Filter>
    </ClCompile>
    <ClCompile Include="Residual.cpp">
      <Filter>源文件</Filter>
    </ClCompile>
    <ClCompile Include="Result_deal.cpp">
      <Filter>源文件</Filter>
    </ClCompile>
    <ClCompile Include="Runge_Kutta.cpp">
      <Filter>源文件</Filter>
    </ClCompile>
    <ClCompile Include="Solve_conservation.cpp">
      <Filter>源文件</Filter>
    </ClCompile>
    <ClCompile Include="Variables_declear.cpp">
      <Filter>源文件</Filter>
    </ClCompile>
  </ItemGroup>
  <ItemGroup>
    <ClInclude Include="Boundary_condition.h">
      <Filter>头文件</Filter>
    </ClInclude>
    <ClInclude Include="Calculate_P.h">
      <Filter>头文件</Filter>
    </ClInclude>
    <ClInclude Include="Convective.h">
      <Filter>头文件</Filter>
    </ClInclude>
    <ClInclude Include="Diffusive.h">
      <Filter>头文件</Filter>
    </ClInclude>
    <ClInclude Include="Dissipative.h">
      <Filter>头文件</Filter>
    </ClInclude>
    <ClInclude Include="Geometry.h">
      <Filter>头文件</Filter>
    </ClInclude>
    <ClInclude Include="Ghost_cells.h">
      <Filter>头文件</Filter>
    </ClInclude>
    <ClInclude Include="Initialization.h">
      <Filter>头文件</Filter>
    </ClInclude>
    <ClInclude Include="Main.h">
      <Filter>头文件</Filter>
    </ClInclude>
    <ClInclude Include="Min_time_step.h">
      <Filter>头文件</Filter>
    </ClInclude>
    <ClInclude Include="Primitive.h">
      <Filter>头文件</Filter>
    </ClInclude>
    <ClInclude Include="Putout.h">
      <Filter>头文件</Filter>
    </ClInclude>
    <ClInclude Include="Read_mesh.h">
      <Filter>头文件</Filter>
    </ClInclude>
    <ClInclude Include="Residual.h">
      <Filter>头文件</Filter>
    </ClInclude>
    <ClInclude Include="Result_deal.h">
      <Filter>头文件</Filter>
    </ClInclude>
    <ClInclude Include="Runge_Kutta.h">
      <Filter>头文件</Filter>
    </ClInclude>
    <ClInclude Include="Solve_conservation.h">
      <Filter>头文件</Filter>
    </ClInclude>
    <ClInclude Include="Variables_declear.h">
      <Filter>头文件</Filter>
    </ClInclude>
  </ItemGroup>
</Project>