
Microsoft Visual Studio Solution File, Format Version 12.00
# Visual Studio Version 16
VisualStudioVersion = 16.0.30413.136
MinimumVisualStudioVersion = 10.0.40219.1
Project("{8BC9CEB8-8B4A-11D0-8D11-00A0C91BC942}") = "2D_NSdimensionless_solver", "2D_NSdimensionless_solver\2D_NSdimensionless_solver.vcxproj", "{09797C8F-178A-4BD5-9415-013A5A949046}"
EndProject
Global
	GlobalSection(SolutionConfigurationPlatforms) = preSolution
		Debug|x64 = Debug|x64
		Debug|x86 = Debug|x86
		Release|x64 = Release|x64
		Release|x86 = Release|x86
	EndGlobalSection
	GlobalSection(ProjectConfigurationPlatforms) = postSolution
		{09797C8F-178A-4BD5-9415-013A5A949046}.Debug|x64.ActiveCfg = Debug|x64
		{09797C8F-178A-4BD5-9415-013A5A949046}.Debug|x64.Build.0 = Debug|x64
		{09797C8F-178A-4BD5-9415-013A5A949046}.Debug|x86.ActiveCfg = Debug|Win32
		{09797C8F-178A-4BD5-9415-013A5A949046}.Debug|x86.Build.0 = Debug|Win32
		{09797C8F-178A-4BD5-9415-013A5A949046}.Release|x64.ActiveCfg = Release|x64
		{09797C8F-178A-4BD5-9415-013A5A949046}.Release|x64.Build.0 = Release|x64
		{09797C8F-178A-4BD5-9415-013A5A949046}.Release|x86.ActiveCfg = Release|Win32
		{09797C8F-178A-4BD5-9415-013A5A949046}.Release|x86.Build.0 = Release|Win32
	EndGlobalSection
	GlobalSection(SolutionProperties) = preSolution
		HideSolutionNode = FALSE
	EndGlobalSection
	GlobalSection(ExtensibilityGlobals) = postSolution
		SolutionGuid = {349ACC62-29A7-4E51-AEF0-6577A9AB4E20}
	EndGlobalSection
EndGlobal
