<?xml version="1.0" encoding="utf-8"?>
<Project ToolsVersion="4.0" xmlns="http://schemas.microsoft.com/developer/msbuild/2003">
  <ItemGroup>
    <Filter Include="源文件">
      <UniqueIdentifier>{4FC737F1-C7A5-4376-A066-2A32D752A2FF}</UniqueIdentifier>
      <Extensions>cpp;c;cc;cxx;c++;cppm;ixx;def;odl;idl;hpj;bat;asm;asmx</Extensions>
    </Filter>
    <Filter Include="头文件">
      <UniqueIdentifier>{93995380-89BD-4b04-88EB-625FBE52EBFB}</UniqueIdentifier>
      <Extensions>h;hh;hpp;hxx;h++;hm;inl;inc;ipp;xsd</Extensions>
    </Filter>
    <Filter Include="资源文件">
      <UniqueIdentifier>{67DA6AB6-F800-4c08-8B7A-83BB121AAD01}</UniqueIdentifier>
      <Extensions>rc;ico;cur;bmp;dlg;rc2;rct;bin;rgs;gif;jpg;jpeg;jpe;resx;tiff;tif;png;wav;mfcribbon-ms</Extensions>
    </Filter>
  </ItemGroup>
  <ItemGroup>
    <ClCompile Include="Main.cpp">
      <Filter>源文件</Filter>
    </ClCompile>
    <ClCompile Include="VariablesDeclear.cpp">
      <Filter>源文件</Filter>
    </ClCompile>
    <ClCompile Include="InitialValues.cpp">
      <Filter>源文件</Filter>
    </ClCompile>
    <ClCompile Include="DynamicArray.cpp">
      <Filter>源文件</Filter>
    </ClCompile>
    <ClCompile Include="ReadMesh.cpp">
      <Filter>源文件</Filter>
    </ClCompile>
    <ClCompile Include="Geometry.cpp">
      <Filter>源文件</Filter>
    </ClCompile>
    <ClCompile Include="Initialization.cpp">
      <Filter>源文件</Filter>
    </ClCompile>
    <ClCompile Include="RungeKutta.cpp">
      <Filter>源文件</Filter>
    </ClCompile>
    <ClCompile Include="LocalTimeStep.cpp">
      <Filter>源文件</Filter>
    </ClCompile>
    <ClCompile Include="BoundaryCondition.cpp">
      <Filter>源文件</Filter>
    </ClCompile>
    <ClCompile Include="Convective.cpp">
      <Filter>源文件</Filter>
    </ClCompile>
    <ClCompile Include="GhostCells.cpp">
      <Filter>源文件</Filter>
    </ClCompile>
    <ClCompile Include="Dissipative.cpp">
      <Filter>源文件</Filter>
    </ClCompile>
    <ClCompile Include="MaxMatrices.cpp">
      <Filter>源文件</Filter>
    </ClCompile>
    <ClCompile Include="Primitive.cpp">
      <Filter>源文件</Filter>
    </ClCompile>
    <ClCompile Include="Residual.cpp">
      <Filter>源文件</Filter>
    </ClCompile>
    <ClCompile Include="ResultDeal.cpp">
      <Filter>源文件</Filter>
    </ClCompile>
    <ClCompile Include="PutOut.cpp">
      <Filter>源文件</Filter>
    </ClCompile>
    <ClCompile Include="DeleteArray.cpp">
      <Filter>源文件</Filter>
    </ClCompile>
  </ItemGroup>
  <ItemGroup>
    <ClInclude Include="Main.h">
      <Filter>头文件</Filter>
    </ClInclude>
    <ClInclude Include="VariablesDeclear.h">
      <Filter>头文件</Filter>
    </ClInclude>
    <ClInclude Include="DynamicArray.h">
      <Filter>头文件</Filter>
    </ClInclude>
    <ClInclude Include="ReadMesh.h">
      <Filter>头文件</Filter>
    </ClInclude>
    <ClInclude Include="Geometry.h">
      <Filter>头文件</Filter>
    </ClInclude>
    <ClInclude Include="InitialValues.h">
      <Filter>头文件</Filter>
    </ClInclude>
    <ClInclude Include="Initialization.h">
      <Filter>头文件</Filter>
    </ClInclude>
    <ClInclude Include="LocalTimeStep.h">
      <Filter>头文件</Filter>
    </ClInclude>
    <ClInclude Include="BoundaryCondition.h">
      <Filter>头文件</Filter>
    </ClInclude>
    <ClInclude Include="Convective.h">
      <Filter>头文件</Filter>
    </ClInclude>
    <ClInclude Include="GhostCells.h">
      <Filter>头文件</Filter>
    </ClInclude>
    <ClInclude Include="MaxMatrices.h">
      <Filter>头文件</Filter>
    </ClInclude>
    <ClInclude Include="Dissipative.h">
      <Filter>头文件</Filter>
    </ClInclude>
    <ClInclude Include="Primitive.h">
      <Filter>头文件</Filter>
    </ClInclude>
    <ClInclude Include="RungeKutta.h">
      <Filter>头文件</Filter>
    </ClInclude>
    <ClInclude Include="Residual.h">
      <Filter>头文件</Filter>
    </ClInclude>
    <ClInclude Include="ResultDeal.h">
      <Filter>头文件</Filter>
    </ClInclude>
    <ClInclude Include="PutOut.h">
      <Filter>头文件</Filter>
    </ClInclude>
    <ClInclude Include="DeleteArray.h">
      <Filter>头文件</Filter>
    </ClInclude>
  </ItemGroup>
</Project>